
Microsoft Visual Studio Solution File, Format Version 12.00
# Visual Studio 15
VisualStudioVersion = 15.0.28307.1433
MinimumVisualStudioVersion = 10.0.40219.1
Project("{8BC9CEB8-8B4A-11D0-8D11-00A0C91BC942}") = "HPS3D160-Windows-C_Demo", "HPS3D160-Windows-C_Demo\HPS3D160-Windows-C_Demo.vcxproj", "{08872BB6-34BC-46A2-AD3E-6202A383EDAF}"
EndProject
Global
	GlobalSection(SolutionConfigurationPlatforms) = preSolution
		Debug|x64 = Debug|x64
		Debug|x86 = Debug|x86
		Release|x64 = Release|x64
		Release|x86 = Release|x86
	EndGlobalSection
	GlobalSection(ProjectConfigurationPlatforms) = postSolution
		{08872BB6-34BC-46A2-AD3E-6202A383EDAF}.Debug|x64.ActiveCfg = Debug|x64
		{08872BB6-34BC-46A2-AD3E-6202A383EDAF}.Debug|x64.Build.0 = Debug|x64
		{08872BB6-34BC-46A2-AD3E-6202A383EDAF}.Debug|x86.ActiveCfg = Debug|Win32
		{08872BB6-34BC-46A2-AD3E-6202A383EDAF}.Debug|x86.Build.0 = Debug|Win32
		{08872BB6-34BC-46A2-AD3E-6202A383EDAF}.Release|x64.ActiveCfg = Release|x64
		{08872BB6-34BC-46A2-AD3E-6202A383EDAF}.Release|x64.Build.0 = Release|x64
		{08872BB6-34BC-46A2-AD3E-6202A383EDAF}.Release|x86.ActiveCfg = Release|Win32
		{08872BB6-34BC-46A2-AD3E-6202A383EDAF}.Release|x86.Build.0 = Release|Win32
	EndGlobalSection
	GlobalSection(SolutionProperties) = preSolution
		HideSolutionNode = FALSE
	EndGlobalSection
	GlobalSection(ExtensibilityGlobals) = postSolution
		SolutionGuid = {D1CB932B-B775-4DA8-8663-63A78989CB34}
	EndGlobalSection
EndGlobal
